
Microsoft Visual Studio Solution File, Format Version 12.00
# Visual Studio Version 17
VisualStudioVersion = 17.7.34031.279
MinimumVisualStudioVersion = 10.0.40219.1
Project("{FAE04EC0-301F-11D3-BF4B-00C04F79EFBC}") = "Karabelnikov_Var_17", "Karabelnikov_Var_17\Karabelnikov_Var_17.csproj", "{28BFE618-9856-41AB-9640-0F12727039A8}"
EndProject
Project("{FAE04EC0-301F-11D3-BF4B-00C04F79EFBC}") = "MachineLibrary", "MachineLibrary\MachineLibrary.csproj", "{5786B04D-9FF5-4F69-A8EA-3CD1A6E0B78B}"
EndProject
Global
	GlobalSection(SolutionConfigurationPlatforms) = preSolution
		Debug|Any CPU = Debug|Any CPU
		Release|Any CPU = Release|Any CPU
	EndGlobalSection
	GlobalSection(ProjectConfigurationPlatforms) = postSolution
		{28BFE618-9856-41AB-9640-0F12727039A8}.Debug|Any CPU.ActiveCfg = Debug|Any CPU
		{28BFE618-9856-41AB-9640-0F12727039A8}.Debug|Any CPU.Build.0 = Debug|Any CPU
		{28BFE618-9856-41AB-9640-0F12727039A8}.Release|Any CPU.ActiveCfg = Release|Any CPU
		{28BFE618-9856-41AB-9640-0F12727039A8}.Release|Any CPU.Build.0 = Release|Any CPU
		{5786B04D-9FF5-4F69-A8EA-3CD1A6E0B78B}.Debug|Any CPU.ActiveCfg = Debug|Any CPU
		{5786B04D-9FF5-4F69-A8EA-3CD1A6E0B78B}.Debug|Any CPU.Build.0 = Debug|Any CPU
		{5786B04D-9FF5-4F69-A8EA-3CD1A6E0B78B}.Release|Any CPU.ActiveCfg = Release|Any CPU
		{5786B04D-9FF5-4F69-A8EA-3CD1A6E0B78B}.Release|Any CPU.Build.0 = Release|Any CPU
	EndGlobalSection
	GlobalSection(SolutionProperties) = preSolution
		HideSolutionNode = FALSE
	EndGlobalSection
	GlobalSection(ExtensibilityGlobals) = postSolution
		SolutionGuid = {19E8282A-6F8B-47A2-9F2E-F215FD446B7B}
	EndGlobalSection
EndGlobal
